github.com/joho/godotenv v1.5.1 h1:7eLL/+HRGLY0ldzfGMeQkb7vMd0as4CfYvUVzLqw0N0=
github.com/joho/godotenv v1.5.1/go.mod h1:f4LDr5Voq0i2e/R5DDNOoa2zzDfwtkZa6DnEwAbqwq4=
libvirt.org/go/libvirt v1.11006.0 h1:xzF87ptj/7cp1h4T62w1ZMBVY8m0mQukSCstMgeiVLs=
libvirt.org/go/libvirt v1.11006.0/go.mod h1:1WiFE8EjZfq+FCVog+rvr1yatKbKZ9FaFMZgEqxEJqQ=
